
Microsoft Visual Studio Solution File, Format Version 12.00
# Visual Studio 2012
Project("{FAE04EC0-301F-11D3-BF4B-00C04F79EFBC}") = "Application", "LocationService\Application.csproj", "{B2D55052-26AE-49E4-8F7E-01A260A90DD0}"
EndProject
Project("{FAE04EC0-301F-11D3-BF4B-00C04F79EFBC}") = "Location.Google", "GoogleLocationSource\Location.Google.csproj", "{D8EF524E-11A5-45FD-B186-8D21FB0F8E3F}"
EndProject
Project("{FAE04EC0-301F-11D3-BF4B-00C04F79EFBC}") = "Location.Repository", "Database\Location.Repository.csproj", "{35E7D78A-A594-43A5-B1DB-E7F0DD8F12B5}"
EndProject
Project("{FAE04EC0-301F-11D3-BF4B-00C04F79EFBC}") = "Location.Service", "Service\Location.Service.csproj", "{8514895D-9209-485E-85A2-B22CAF993482}"
EndProject
Project("{FAE04EC0-301F-11D3-BF4B-00C04F79EFBC}") = "Location", "Places\Location.csproj", "{A7F6977D-1E01-4DAF-B798-073908F8D33C}"
EndProject
Project("{FAE04EC0-301F-11D3-BF4B-00C04F79EFBC}") = "Location.Impl", "Places\Places.Impl\Location.Impl.csproj", "{E38532A0-4409-44E3-939B-833CEB15DFEE}"
EndProject
Project("{2150E333-8FDC-42A3-9474-1A3956D46DE8}") = "Location", "Location", "{E2AE7DF1-B06A-4E20-B76D-AABB96F48D4C}"
EndProject
Project("{2150E333-8FDC-42A3-9474-1A3956D46DE8}") = "Waiting", "Waiting", "{629F139C-D70C-453C-9D9D-F6A2C27313D1}"
EndProject
Project("{FAE04EC0-301F-11D3-BF4B-00C04F79EFBC}") = "Waiting.Service", "Waiting.Service\Waiting.Service.csproj", "{4CF79001-E03A-4084-AEFC-289418566306}"
EndProject
Project("{FAE04EC0-301F-11D3-BF4B-00C04F79EFBC}") = "Waiting", "Waiting\Waiting.csproj", "{8D4754E8-3CAA-49F3-94AB-8057F9DBAA70}"
EndProject
Project("{FAE04EC0-301F-11D3-BF4B-00C04F79EFBC}") = "Waiting.Impl", "Waiting.Impl\Waiting.Impl.csproj", "{156AA6F0-F2FD-499D-8415-F00634BEE260}"
EndProject
Project("{FAE04EC0-301F-11D3-BF4B-00C04F79EFBC}") = "Waiting.Repository", "Waiting.Repository\Waiting.Repository.csproj", "{FA8CB5C5-2EB9-4B81-9C1F-7DD34211D58F}"
EndProject
Global
	GlobalSection(SolutionConfigurationPlatforms) = preSolution
		Debug|Any CPU = Debug|Any CPU
		Release|Any CPU = Release|Any CPU
	EndGlobalSection
	GlobalSection(ProjectConfigurationPlatforms) = postSolution
		{B2D55052-26AE-49E4-8F7E-01A260A90DD0}.Debug|Any CPU.ActiveCfg = Debug|Any CPU
		{B2D55052-26AE-49E4-8F7E-01A260A90DD0}.Debug|Any CPU.Build.0 = Debug|Any CPU
		{B2D55052-26AE-49E4-8F7E-01A260A90DD0}.Release|Any CPU.ActiveCfg = Release|Any CPU
		{B2D55052-26AE-49E4-8F7E-01A260A90DD0}.Release|Any CPU.Build.0 = Release|Any CPU
		{D8EF524E-11A5-45FD-B186-8D21FB0F8E3F}.Debug|Any CPU.ActiveCfg = Debug|Any CPU
		{D8EF524E-11A5-45FD-B186-8D21FB0F8E3F}.Debug|Any CPU.Build.0 = Debug|Any CPU
		{D8EF524E-11A5-45FD-B186-8D21FB0F8E3F}.Release|Any CPU.ActiveCfg = Release|Any CPU
		{D8EF524E-11A5-45FD-B186-8D21FB0F8E3F}.Release|Any CPU.Build.0 = Release|Any CPU
		{35E7D78A-A594-43A5-B1DB-E7F0DD8F12B5}.Debug|Any CPU.ActiveCfg = Debug|Any CPU
		{35E7D78A-A594-43A5-B1DB-E7F0DD8F12B5}.Debug|Any CPU.Build.0 = Debug|Any CPU
		{35E7D78A-A594-43A5-B1DB-E7F0DD8F12B5}.Release|Any CPU.ActiveCfg = Release|Any CPU
		{35E7D78A-A594-43A5-B1DB-E7F0DD8F12B5}.Release|Any CPU.Build.0 = Release|Any CPU
		{8514895D-9209-485E-85A2-B22CAF993482}.Debug|Any CPU.ActiveCfg = Debug|Any CPU
		{8514895D-9209-485E-85A2-B22CAF993482}.Debug|Any CPU.Build.0 = Debug|Any CPU
		{8514895D-9209-485E-85A2-B22CAF993482}.Release|Any CPU.ActiveCfg = Release|Any CPU
		{8514895D-9209-485E-85A2-B22CAF993482}.Release|Any CPU.Build.0 = Release|Any CPU
		{A7F6977D-1E01-4DAF-B798-073908F8D33C}.Debug|Any CPU.ActiveCfg = Debug|Any CPU
		{A7F6977D-1E01-4DAF-B798-073908F8D33C}.Debug|Any CPU.Build.0 = Debug|Any CPU
		{A7F6977D-1E01-4DAF-B798-073908F8D33C}.Release|Any CPU.ActiveCfg = Release|Any CPU
		{A7F6977D-1E01-4DAF-B798-073908F8D33C}.Release|Any CPU.Build.0 = Release|Any CPU
		{E38532A0-4409-44E3-939B-833CEB15DFEE}.Debug|Any CPU.ActiveCfg = Debug|Any CPU
		{E38532A0-4409-44E3-939B-833CEB15DFEE}.Debug|Any CPU.Build.0 = Debug|Any CPU
		{E38532A0-4409-44E3-939B-833CEB15DFEE}.Release|Any CPU.ActiveCfg = Release|Any CPU
		{E38532A0-4409-44E3-939B-833CEB15DFEE}.Release|Any CPU.Build.0 = Release|Any CPU
		{4CF79001-E03A-4084-AEFC-289418566306}.Debug|Any CPU.ActiveCfg = Debug|Any CPU
		{4CF79001-E03A-4084-AEFC-289418566306}.Debug|Any CPU.Build.0 = Debug|Any CPU
		{4CF79001-E03A-4084-AEFC-289418566306}.Release|Any CPU.ActiveCfg = Release|Any CPU
		{4CF79001-E03A-4084-AEFC-289418566306}.Release|Any CPU.Build.0 = Release|Any CPU
		{8D4754E8-3CAA-49F3-94AB-8057F9DBAA70}.Debug|Any CPU.ActiveCfg = Debug|Any CPU
		{8D4754E8-3CAA-49F3-94AB-8057F9DBAA70}.Debug|Any CPU.Build.0 = Debug|Any CPU
		{8D4754E8-3CAA-49F3-94AB-8057F9DBAA70}.Release|Any CPU.ActiveCfg = Release|Any CPU
		{8D4754E8-3CAA-49F3-94AB-8057F9DBAA70}.Release|Any CPU.Build.0 = Release|Any CPU
		{156AA6F0-F2FD-499D-8415-F00634BEE260}.Debug|Any CPU.ActiveCfg = Debug|Any CPU
		{156AA6F0-F2FD-499D-8415-F00634BEE260}.Debug|Any CPU.Build.0 = Debug|Any CPU
		{156AA6F0-F2FD-499D-8415-F00634BEE260}.Release|Any CPU.ActiveCfg = Release|Any CPU
		{156AA6F0-F2FD-499D-8415-F00634BEE260}.Release|Any CPU.Build.0 = Release|Any CPU
		{FA8CB5C5-2EB9-4B81-9C1F-7DD34211D58F}.Debug|Any CPU.ActiveCfg = Debug|Any CPU
		{FA8CB5C5-2EB9-4B81-9C1F-7DD34211D58F}.Debug|Any CPU.Build.0 = Debug|Any CPU
		{FA8CB5C5-2EB9-4B81-9C1F-7DD34211D58F}.Release|Any CPU.ActiveCfg = Release|Any CPU
		{FA8CB5C5-2EB9-4B81-9C1F-7DD34211D58F}.Release|Any CPU.Build.0 = Release|Any CPU
	EndGlobalSection
	GlobalSection(SolutionProperties) = preSolution
		HideSolutionNode = FALSE
	EndGlobalSection
	GlobalSection(NestedProjects) = preSolution
		{D8EF524E-11A5-45FD-B186-8D21FB0F8E3F} = {E2AE7DF1-B06A-4E20-B76D-AABB96F48D4C}
		{A7F6977D-1E01-4DAF-B798-073908F8D33C} = {E2AE7DF1-B06A-4E20-B76D-AABB96F48D4C}
		{E38532A0-4409-44E3-939B-833CEB15DFEE} = {E2AE7DF1-B06A-4E20-B76D-AABB96F48D4C}
		{8514895D-9209-485E-85A2-B22CAF993482} = {E2AE7DF1-B06A-4E20-B76D-AABB96F48D4C}
		{35E7D78A-A594-43A5-B1DB-E7F0DD8F12B5} = {E2AE7DF1-B06A-4E20-B76D-AABB96F48D4C}
		{4CF79001-E03A-4084-AEFC-289418566306} = {629F139C-D70C-453C-9D9D-F6A2C27313D1}
		{8D4754E8-3CAA-49F3-94AB-8057F9DBAA70} = {629F139C-D70C-453C-9D9D-F6A2C27313D1}
		{156AA6F0-F2FD-499D-8415-F00634BEE260} = {629F139C-D70C-453C-9D9D-F6A2C27313D1}
		{FA8CB5C5-2EB9-4B81-9C1F-7DD34211D58F} = {629F139C-D70C-453C-9D9D-F6A2C27313D1}
	EndGlobalSection
EndGlobal
